<?xml version="1.0" encoding="utf-8"?>
<Project ToolsVersion="4.0" xmlns="http://schemas.microsoft.com/developer/msbuild/2003">
  <ItemGroup>
    <Filter Include="源文件">
      <UniqueIdentifier>{4FC737F1-C7A5-4376-A066-2A32D752A2FF}</UniqueIdentifier>
      <Extensions>cpp;c;cc;cxx;def;odl;idl;hpj;bat;asm;asmx</Extensions>
    </Filter>
    <Filter Include="头文件">
      <UniqueIdentifier>{93995380-89BD-4b04-88EB-625FBE52EBFB}</UniqueIdentifier>
      <Extensions>h;hh;hpp;hxx;hm;inl;inc;xsd</Extensions>
    </Filter>
    <Filter Include="资源文件">
      <UniqueIdentifier>{67DA6AB6-F800-4c08-8B7A-83BB121AAD01}</UniqueIdentifier>
      <Extensions>rc;ico;cur;bmp;dlg;rc2;rct;bin;rgs;gif;jpg;jpeg;jpe;resx;tiff;tif;png;wav;mfcribbon-ms</Extensions>
    </Filter>
    <Filter Include="头文件\Hash">
      <UniqueIdentifier>{48f70fa8-03ef-48ae-bd64-ed32ddc6b01b}</UniqueIdentifier>
    </Filter>
    <Filter Include="源文件\Hash">
      <UniqueIdentifier>{38cd699d-1582-4945-b2f8-dc79495c5dbc}</UniqueIdentifier>
    </Filter>
    <Filter Include="源文件\Info">
      <UniqueIdentifier>{c4314bb2-cce2-4538-9b56-ae613b1f4079}</UniqueIdentifier>
    </Filter>
    <Filter Include="头文件\Info">
      <UniqueIdentifier>{6fed36de-69ed-4e2e-a1f1-40393ff10ca8}</UniqueIdentifier>
    </Filter>
    <Filter Include="头文件\Encode">
      <UniqueIdentifier>{6dee0f9b-936b-42bf-910f-9e26567b2be4}</UniqueIdentifier>
    </Filter>
    <Filter Include="源文件\Encode">
      <UniqueIdentifier>{f1c2b59c-545d-4b89-850b-4ff01fa8f969}</UniqueIdentifier>
    </Filter>
    <Filter Include="头文件\Utils">
      <UniqueIdentifier>{e8ec419d-cdc2-4693-88f2-413c17ca0624}</UniqueIdentifier>
    </Filter>
    <Filter Include="源文件\Utils">
      <UniqueIdentifier>{6ceef9f9-2404-4574-adc5-8d7c8c44d048}</UniqueIdentifier>
    </Filter>
  </ItemGroup>
  <ItemGroup>
    <ClInclude Include="Include\CryptoLib.h">
      <Filter>头文件</Filter>
    </ClInclude>
    <ClInclude Include="Include\stdafx.h">
      <Filter>头文件</Filter>
    </ClInclude>
    <ClInclude Include="Include\targetver.h">
      <Filter>头文件</Filter>
    </ClInclude>
    <ClInclude Include="Include\Hash\md5.h">
      <Filter>头文件\Hash</Filter>
    </ClInclude>
    <ClInclude Include="Include\Hash\sha1.h">
      <Filter>头文件\Hash</Filter>
    </ClInclude>
    <ClInclude Include="Include\Hash\sha256.h">
      <Filter>头文件\Hash</Filter>
    </ClInclude>
    <ClInclude Include="Include\Hash\sha512.h">
      <Filter>头文件\Hash</Filter>
    </ClInclude>
    <ClInclude Include="Include\Hash\crc32.h">
      <Filter>头文件\Hash</Filter>
    </ClInclude>
    <ClInclude Include="Include\Info\disksn.h">
      <Filter>头文件\Info</Filter>
    </ClInclude>
    <ClInclude Include="Include\Encode\base64.h">
      <Filter>头文件\Encode</Filter>
    </ClInclude>
    <ClInclude Include="Include\Encode\urlencode.h">
      <Filter>头文件\Encode</Filter>
    </ClInclude>
    <ClInclude Include="Include\Utils\stringx.h">
      <Filter>头文件\Utils</Filter>
    </ClInclude>
    <ClInclude Include="Include\Info\macsn.h">
      <Filter>头文件\Info</Filter>
    </ClInclude>
  </ItemGroup>
  <ItemGroup>
    <ClCompile Include="Include\stdafx.cpp">
      <Filter>源文件</Filter>
    </ClCompile>
    <ClCompile Include="Include\Hash\md5.cpp">
      <Filter>源文件\Hash</Filter>
    </ClCompile>
    <ClCompile Include="Include\Hash\sha1.cpp">
      <Filter>源文件\Hash</Filter>
    </ClCompile>
    <ClCompile Include="Include\Hash\sha256.cpp">
      <Filter>源文件\Hash</Filter>
    </ClCompile>
    <ClCompile Include="Include\Hash\sha512.cpp">
      <Filter>源文件\Hash</Filter>
    </ClCompile>
    <ClCompile Include="Include\Hash\crc32.cpp">
      <Filter>源文件\Hash</Filter>
    </ClCompile>
    <ClCompile Include="Include\Info\disksn.cpp">
      <Filter>源文件\Info</Filter>
    </ClCompile>
    <ClCompile Include="Include\Encode\base64.cpp">
      <Filter>源文件\Encode</Filter>
    </ClCompile>
    <ClCompile Include="Include\Encode\urlencode.cpp">
      <Filter>源文件\Encode</Filter>
    </ClCompile>
    <ClCompile Include="Include\Utils\stringx.cpp">
      <Filter>源文件\Utils</Filter>
    </ClCompile>
    <ClCompile Include="Include\Info\macsn.cpp">
      <Filter>源文件\Info</Filter>
    </ClCompile>
  </ItemGroup>
</Project>