<?xml version="1.0" encoding="utf-8"?>
<Project ToolsVersion="4.0" xmlns="http://schemas.microsoft.com/developer/msbuild/2003">
  <ItemGroup>
    <Filter Include="源文件">
      <UniqueIdentifier>{4FC737F1-C7A5-4376-A066-2A32D752A2FF}</UniqueIdentifier>
      <Extensions>cpp;c;cc;cxx;def;odl;idl;hpj;bat;asm;asmx</Extensions>
    </Filter>
    <Filter Include="头文件">
      <UniqueIdentifier>{93995380-89BD-4b04-88EB-625FBE52EBFB}</UniqueIdentifier>
      <Extensions>h;hh;hpp;hxx;hm;inl;inc;xsd</Extensions>
    </Filter>
    <Filter Include="资源文件">
      <UniqueIdentifier>{67DA6AB6-F800-4c08-8B7A-83BB121AAD01}</UniqueIdentifier>
      <Extensions>rc;ico;cur;bmp;dlg;rc2;rct;bin;rgs;gif;jpg;jpeg;jpe;resx;tiff;tif;png;wav;mfcribbon-ms</Extensions>
    </Filter>
    <Filter Include="头文件\Hash">
      <UniqueIdentifier>{48f70fa8-03ef-48ae-bd64-ed32ddc6b01b}</UniqueIdentifier>
    </Filter>
    <Filter Include="源文件\Hash">
      <UniqueIdentifier>{38cd699d-1582-4945-b2f8-dc79495c5dbc}</UniqueIdentifier>
    </Filter>
    <Filter Include="头文件\Convert">
      <UniqueIdentifier>{cf2c1691-30f5-47c0-b7c2-80ce9415c04a}</UniqueIdentifier>
    </Filter>
    <Filter Include="源文件\Convert">
      <UniqueIdentifier>{e5248315-07fa-43c0-92a6-b7906a7c2ea8}</UniqueIdentifier>
    </Filter>
  </ItemGroup>
  <ItemGroup>
    <ClInclude Include="Include\CryptoLib.h">
      <Filter>头文件</Filter>
    </ClInclude>
    <ClInclude Include="Include\stdafx.h">
      <Filter>头文件</Filter>
    </ClInclude>
    <ClInclude Include="Include\targetver.h">
      <Filter>头文件</Filter>
    </ClInclude>
    <ClInclude Include="Include\Hash\md5.h">
      <Filter>头文件\Hash</Filter>
    </ClInclude>
    <ClInclude Include="Include\Hash\sha1.h">
      <Filter>头文件\Hash</Filter>
    </ClInclude>
    <ClInclude Include="Include\Convert\convert.h">
      <Filter>头文件\Convert</Filter>
    </ClInclude>
    <ClInclude Include="Include\Hash\sha256.h">
      <Filter>头文件\Hash</Filter>
    </ClInclude>
    <ClInclude Include="Include\Hash\sha512.h">
      <Filter>头文件\Hash</Filter>
    </ClInclude>
  </ItemGroup>
  <ItemGroup>
    <ClCompile Include="Include\stdafx.cpp">
      <Filter>源文件</Filter>
    </ClCompile>
    <ClCompile Include="Include\Hash\md5.cpp">
      <Filter>源文件\Hash</Filter>
    </ClCompile>
    <ClCompile Include="Include\Hash\sha1.cpp">
      <Filter>源文件\Hash</Filter>
    </ClCompile>
    <ClCompile Include="Include\Convert\convert.cpp">
      <Filter>源文件\Convert</Filter>
    </ClCompile>
    <ClCompile Include="Include\Hash\sha256.cpp">
      <Filter>源文件\Hash</Filter>
    </ClCompile>
    <ClCompile Include="Include\Hash\sha512.cpp">
      <Filter>源文件\Hash</Filter>
    </ClCompile>
  </ItemGroup>
</Project>